// !$*UTF8*$!
{
	archiveVersion = 1;
	classes = {
	};
	objectVersion = 46;
	objects = {

/* Begin PBXBuildFile section */
		210B68EE134C63CB00C210B9 /* NSObject+JSON.m in Sources */ = {isa = PBXBuildFile; fileRef = 210B68DD134C63CB00C210B9 /* NSObject+JSON.m */; };
		210B68EF134C63CB00C210B9 /* SBJsonParser.m in Sources */ = {isa = PBXBuildFile; fileRef = 210B68DF134C63CB00C210B9 /* SBJsonParser.m */; };
		210B68F0134C63CB00C210B9 /* SBJsonStreamParser.m in Sources */ = {isa = PBXBuildFile; fileRef = 210B68E1134C63CB00C210B9 /* SBJsonStreamParser.m */; };
		210B68F1134C63CB00C210B9 /* SBJsonStreamParserAdapter.m in Sources */ = {isa = PBXBuildFile; fileRef = 210B68E3134C63CB00C210B9 /* SBJsonStreamParserAdapter.m */; };
		210B68F2134C63CB00C210B9 /* SBJsonStreamParserState.m in Sources */ = {isa = PBXBuildFile; fileRef = 210B68E5134C63CB00C210B9 /* SBJsonStreamParserState.m */; };
		210B68F3134C63CB00C210B9 /* SBJsonStreamWriter.m in Sources */ = {isa = PBXBuildFile; fileRef = 210B68E7134C63CB00C210B9 /* SBJsonStreamWriter.m */; };
		210B68F4134C63CB00C210B9 /* SBJsonStreamWriterState.m in Sources */ = {isa = PBXBuildFile; fileRef = 210B68E9134C63CB00C210B9 /* SBJsonStreamWriterState.m */; };
		210B68F5134C63CB00C210B9 /* SBJsonTokeniser.m in Sources */ = {isa = PBXBuildFile; fileRef = 210B68EB134C63CB00C210B9 /* SBJsonTokeniser.m */; };
		210B68F6134C63CB00C210B9 /* SBJsonWriter.m in Sources */ = {isa = PBXBuildFile; fileRef = 210B68ED134C63CB00C210B9 /* SBJsonWriter.m */; };
		210B6949134C675C00C210B9 /* ASIDataCompressor.m in Sources */ = {isa = PBXBuildFile; fileRef = 210B6939134C675C00C210B9 /* ASIDataCompressor.m */; };
		210B694A134C675C00C210B9 /* ASIDataDecompressor.m in Sources */ = {isa = PBXBuildFile; fileRef = 210B693B134C675C00C210B9 /* ASIDataDecompressor.m */; };
		210B694B134C675C00C210B9 /* ASIDownloadCache.m in Sources */ = {isa = PBXBuildFile; fileRef = 210B693D134C675C00C210B9 /* ASIDownloadCache.m */; };
		210B694C134C675C00C210B9 /* ASIFormDataRequest.m in Sources */ = {isa = PBXBuildFile; fileRef = 210B693F134C675C00C210B9 /* ASIFormDataRequest.m */; };
		210B694D134C675C00C210B9 /* ASIHTTPRequest.m in Sources */ = {isa = PBXBuildFile; fileRef = 210B6941134C675C00C210B9 /* ASIHTTPRequest.m */; };
		210B694E134C675C00C210B9 /* ASIInputStream.m in Sources */ = {isa = PBXBuildFile; fileRef = 210B6945134C675C00C210B9 /* ASIInputStream.m */; };
		210B694F134C675C00C210B9 /* ASINetworkQueue.m in Sources */ = {isa = PBXBuildFile; fileRef = 210B6947134C675C00C210B9 /* ASINetworkQueue.m */; };
		210B6952134C676500C210B9 /* Reachability.m in Sources */ = {isa = PBXBuildFile; fileRef = 210B6951134C676500C210B9 /* Reachability.m */; };
		210B6957134C67C500C210B9 /* CFNetwork.framework in Frameworks */ = {isa = PBXBuildFile; fileRef = 210B6953134C67C400C210B9 /* CFNetwork.framework */; };
		210B6958134C67C500C210B9 /* MobileCoreServices.framework in Frameworks */ = {isa = PBXBuildFile; fileRef = 210B6955134C67C400C210B9 /* MobileCoreServices.framework */; };
		210B6959134C67C500C210B9 /* SystemConfiguration.framework in Frameworks */ = {isa = PBXBuildFile; fileRef = 210B6956134C67C400C210B9 /* SystemConfiguration.framework */; };
		210B695B134C680100C210B9 /* libz.1.2.3.dylib in Frameworks */ = {isa = PBXBuildFile; fileRef = 210B695A134C680100C210B9 /* libz.1.2.3.dylib */; };
		210B695D134C685A00C210B9 /* libz.1.1.3.dylib in Frameworks */ = {isa = PBXBuildFile; fileRef = 210B695C134C685A00C210B9 /* libz.1.1.3.dylib */; };
		210B6961134C687E00C210B9 /* ASIAuthenticationDialog.m in Sources */ = {isa = PBXBuildFile; fileRef = 210B695F134C687E00C210B9 /* ASIAuthenticationDialog.m */; };
		213BCA94134D15E300F74194 /* BuildsController.m in Sources */ = {isa = PBXBuildFile; fileRef = 213BCA93134D15E300F74194 /* BuildsController.m */; };
		213BCA9F134D185100F74194 /* NSString+Utilities.m in Sources */ = {isa = PBXBuildFile; fileRef = 213BCA9E134D185100F74194 /* NSString+Utilities.m */; };
		213BCAA2134D188E00F74194 /* NSArray+Blocks.m in Sources */ = {isa = PBXBuildFile; fileRef = 213BCAA1134D188E00F74194 /* NSArray+Blocks.m */; };
		213BCAA5134D18BD00F74194 /* UIColor+Hex.m in Sources */ = {isa = PBXBuildFile; fileRef = 213BCAA4134D18BD00F74194 /* UIColor+Hex.m */; };
		213BCAA9134D19B800F74194 /* Build.m in Sources */ = {isa = PBXBuildFile; fileRef = 213BCAA8134D19B800F74194 /* Build.m */; };
		213BCAAC134D19ED00F74194 /* NSArray+Build.m in Sources */ = {isa = PBXBuildFile; fileRef = 213BCAAB134D19ED00F74194 /* NSArray+Build.m */; };
		213BCAB7134D4A6300F74194 /* BrokenBuildController.m in Sources */ = {isa = PBXBuildFile; fileRef = 213BCAB6134D4A6200F74194 /* BrokenBuildController.m */; };
		21D278B8134BF0BB0063DB03 /* UIKit.framework in Frameworks */ = {isa = PBXBuildFile; fileRef = 21D278B7134BF0BB0063DB03 /* UIKit.framework */; };
		21D278BA134BF0BB0063DB03 /* Foundation.framework in Frameworks */ = {isa = PBXBuildFile; fileRef = 21D278B9134BF0BB0063DB03 /* Foundation.framework */; };
		21D278BC134BF0BB0063DB03 /* CoreGraphics.framework in Frameworks */ = {isa = PBXBuildFile; fileRef = 21D278BB134BF0BB0063DB03 /* CoreGraphics.framework */; };
		21D278C2134BF0BB0063DB03 /* InfoPlist.strings in Resources */ = {isa = PBXBuildFile; fileRef = 21D278C0134BF0BB0063DB03 /* InfoPlist.strings */; };
		21D278C5134BF0BB0063DB03 /* main.m in Sources */ = {isa = PBXBuildFile; fileRef = 21D278C4134BF0BB0063DB03 /* main.m */; };
		21D278C8134BF0BB0063DB03 /* BrokenAppDelegate.m in Sources */ = {isa = PBXBuildFile; fileRef = 21D278C7134BF0BB0063DB03 /* BrokenAppDelegate.m */; };
		21D278CE134BF0BB0063DB03 /* RootViewController.m in Sources */ = {isa = PBXBuildFile; fileRef = 21D278CD134BF0BB0063DB03 /* RootViewController.m */; };
		21D278D8134BF0BB0063DB03 /* UIKit.framework in Frameworks */ = {isa = PBXBuildFile; fileRef = 21D278B7134BF0BB0063DB03 /* UIKit.framework */; };
		21D278D9134BF0BB0063DB03 /* Foundation.framework in Frameworks */ = {isa = PBXBuildFile; fileRef = 21D278B9134BF0BB0063DB03 /* Foundation.framework */; };
		21D278DA134BF0BB0063DB03 /* CoreGraphics.framework in Frameworks */ = {isa = PBXBuildFile; fileRef = 21D278BB134BF0BB0063DB03 /* CoreGraphics.framework */; };
		21D278E2134BF0BB0063DB03 /* InfoPlist.strings in Resources */ = {isa = PBXBuildFile; fileRef = 21D278E0134BF0BB0063DB03 /* InfoPlist.strings */; };
		21D278E5134BF0BB0063DB03 /* BrokenTests.h in Resources */ = {isa = PBXBuildFile; fileRef = 21D278E4134BF0BB0063DB03 /* BrokenTests.h */; };
		21D278E7134BF0BB0063DB03 /* BrokenTests.m in Sources */ = {isa = PBXBuildFile; fileRef = 21D278E6134BF0BB0063DB03 /* BrokenTests.m */; };
		21DAEF07134C4A890077FDE8 /* JenkinsInstanceController.m in Sources */ = {isa = PBXBuildFile; fileRef = 21DAEF06134C4A890077FDE8 /* JenkinsInstanceController.m */; };
/* End PBXBuildFile section */

/* Begin PBXContainerItemProxy section */
		21D278DB134BF0BB0063DB03 /* PBXContainerItemProxy */ = {
			isa = PBXContainerItemProxy;
			containerPortal = 21D278AA134BF0BB0063DB03 /* Project object */;
			proxyType = 1;
			remoteGlobalIDString = 21D278B2134BF0BB0063DB03;
			remoteInfo = Broken;
		};
/* End PBXContainerItemProxy section */

/* Begin PBXFileReference section */
		210B68DB134C63CB00C210B9 /* JSON.h */ = {isa = PBXFileReference; fileEncoding = 4; lastKnownFileType = sourcecode.c.h; name = JSON.h; path = "lib/json-framework/Classes/JSON.h"; sourceTree = "<group>"; };
		210B68DC134C63CB00C210B9 /* NSObject+JSON.h */ = {isa = PBXFileReference; fileEncoding = 4; lastKnownFileType = sourcecode.c.h; name = "NSObject+JSON.h"; path = "lib/json-framework/Classes/NSObject+JSON.h"; sourceTree = "<group>"; };
		210B68DD134C63CB00C210B9 /* NSObject+JSON.m */ = {isa = PBXFileReference; fileEncoding = 4; lastKnownFileType = sourcecode.c.objc; name = "NSObject+JSON.m"; path = "lib/json-framework/Classes/NSObject+JSON.m"; sourceTree = "<group>"; };
		210B68DE134C63CB00C210B9 /* SBJsonParser.h */ = {isa = PBXFileReference; fileEncoding = 4; lastKnownFileType = sourcecode.c.h; name = SBJsonParser.h; path = "lib/json-framework/Classes/SBJsonParser.h"; sourceTree = "<group>"; };
		210B68DF134C63CB00C210B9 /* SBJsonParser.m */ = {isa = PBXFileReference; fileEncoding = 4; lastKnownFileType = sourcecode.c.objc; name = SBJsonParser.m; path = "lib/json-framework/Classes/SBJsonParser.m"; sourceTree = "<group>"; };
		210B68E0134C63CB00C210B9 /* SBJsonStreamParser.h */ = {isa = PBXFileReference; fileEncoding = 4; lastKnownFileType = sourcecode.c.h; name = SBJsonStreamParser.h; path = "lib/json-framework/Classes/SBJsonStreamParser.h"; sourceTree = "<group>"; };
		210B68E1134C63CB00C210B9 /* SBJsonStreamParser.m */ = {isa = PBXFileReference; fileEncoding = 4; lastKnownFileType = sourcecode.c.objc; name = SBJsonStreamParser.m; path = "lib/json-framework/Classes/SBJsonStreamParser.m"; sourceTree = "<group>"; };
		210B68E2134C63CB00C210B9 /* SBJsonStreamParserAdapter.h */ = {isa = PBXFileReference; fileEncoding = 4; lastKnownFileType = sourcecode.c.h; name = SBJsonStreamParserAdapter.h; path = "lib/json-framework/Classes/SBJsonStreamParserAdapter.h"; sourceTree = "<group>"; };
		210B68E3134C63CB00C210B9 /* SBJsonStreamParserAdapter.m */ = {isa = PBXFileReference; fileEncoding = 4; lastKnownFileType = sourcecode.c.objc; name = SBJsonStreamParserAdapter.m; path = "lib/json-framework/Classes/SBJsonStreamParserAdapter.m"; sourceTree = "<group>"; };
		210B68E4134C63CB00C210B9 /* SBJsonStreamParserState.h */ = {isa = PBXFileReference; fileEncoding = 4; lastKnownFileType = sourcecode.c.h; name = SBJsonStreamParserState.h; path = "lib/json-framework/Classes/SBJsonStreamParserState.h"; sourceTree = "<group>"; };
		210B68E5134C63CB00C210B9 /* SBJsonStreamParserState.m */ = {isa = PBXFileReference; fileEncoding = 4; lastKnownFileType = sourcecode.c.objc; name = SBJsonStreamParserState.m; path = "lib/json-framework/Classes/SBJsonStreamParserState.m"; sourceTree = "<group>"; };
		210B68E6134C63CB00C210B9 /* SBJsonStreamWriter.h */ = {isa = PBXFileReference; fileEncoding = 4; lastKnownFileType = sourcecode.c.h; name = SBJsonStreamWriter.h; path = "lib/json-framework/Classes/SBJsonStreamWriter.h"; sourceTree = "<group>"; };
		210B68E7134C63CB00C210B9 /* SBJsonStreamWriter.m */ = {isa = PBXFileReference; fileEncoding = 4; lastKnownFileType = sourcecode.c.objc; name = SBJsonStreamWriter.m; path = "lib/json-framework/Classes/SBJsonStreamWriter.m"; sourceTree = "<group>"; };
		210B68E8134C63CB00C210B9 /* SBJsonStreamWriterState.h */ = {isa = PBXFileReference; fileEncoding = 4; lastKnownFileType = sourcecode.c.h; name = SBJsonStreamWriterState.h; path = "lib/json-framework/Classes/SBJsonStreamWriterState.h"; sourceTree = "<group>"; };
		210B68E9134C63CB00C210B9 /* SBJsonStreamWriterState.m */ = {isa = PBXFileReference; fileEncoding = 4; lastKnownFileType = sourcecode.c.objc; name = SBJsonStreamWriterState.m; path = "lib/json-framework/Classes/SBJsonStreamWriterState.m"; sourceTree = "<group>"; };
		210B68EA134C63CB00C210B9 /* SBJsonTokeniser.h */ = {isa = PBXFileReference; fileEncoding = 4; lastKnownFileType = sourcecode.c.h; name = SBJsonTokeniser.h; path = "lib/json-framework/Classes/SBJsonTokeniser.h"; sourceTree = "<group>"; };
		210B68EB134C63CB00C210B9 /* SBJsonTokeniser.m */ = {isa = PBXFileReference; fileEncoding = 4; lastKnownFileType = sourcecode.c.objc; name = SBJsonTokeniser.m; path = "lib/json-framework/Classes/SBJsonTokeniser.m"; sourceTree = "<group>"; };
		210B68EC134C63CB00C210B9 /* SBJsonWriter.h */ = {isa = PBXFileReference; fileEncoding = 4; lastKnownFileType = sourcecode.c.h; name = SBJsonWriter.h; path = "lib/json-framework/Classes/SBJsonWriter.h"; sourceTree = "<group>"; };
		210B68ED134C63CB00C210B9 /* SBJsonWriter.m */ = {isa = PBXFileReference; fileEncoding = 4; lastKnownFileType = sourcecode.c.objc; name = SBJsonWriter.m; path = "lib/json-framework/Classes/SBJsonWriter.m"; sourceTree = "<group>"; };
		210B6938134C675C00C210B9 /* ASIDataCompressor.h */ = {isa = PBXFileReference; fileEncoding = 4; lastKnownFileType = sourcecode.c.h; name = ASIDataCompressor.h; path = "lib/asi-http-request/Classes/ASIDataCompressor.h"; sourceTree = "<group>"; };
		210B6939134C675C00C210B9 /* ASIDataCompressor.m */ = {isa = PBXFileReference; fileEncoding = 4; lastKnownFileType = sourcecode.c.objc; name = ASIDataCompressor.m; path = "lib/asi-http-request/Classes/ASIDataCompressor.m"; sourceTree = "<group>"; };
		210B693A134C675C00C210B9 /* ASIDataDecompressor.h */ = {isa = PBXFileReference; fileEncoding = 4; lastKnownFileType = sourcecode.c.h; name = ASIDataDecompressor.h; path = "lib/asi-http-request/Classes/ASIDataDecompressor.h"; sourceTree = "<group>"; };
		210B693B134C675C00C210B9 /* ASIDataDecompressor.m */ = {isa = PBXFileReference; fileEncoding = 4; lastKnownFileType = sourcecode.c.objc; name = ASIDataDecompressor.m; path = "lib/asi-http-request/Classes/ASIDataDecompressor.m"; sourceTree = "<group>"; };
		210B693C134C675C00C210B9 /* ASIDownloadCache.h */ = {isa = PBXFileReference; fileEncoding = 4; lastKnownFileType = sourcecode.c.h; name = ASIDownloadCache.h; path = "lib/asi-http-request/Classes/ASIDownloadCache.h"; sourceTree = "<group>"; };
		210B693D134C675C00C210B9 /* ASIDownloadCache.m */ = {isa = PBXFileReference; fileEncoding = 4; lastKnownFileType = sourcecode.c.objc; name = ASIDownloadCache.m; path = "lib/asi-http-request/Classes/ASIDownloadCache.m"; sourceTree = "<group>"; };
		210B693E134C675C00C210B9 /* ASIFormDataRequest.h */ = {isa = PBXFileReference; fileEncoding = 4; lastKnownFileType = sourcecode.c.h; name = ASIFormDataRequest.h; path = "lib/asi-http-request/Classes/ASIFormDataRequest.h"; sourceTree = "<group>"; };
		210B693F134C675C00C210B9 /* ASIFormDataRequest.m */ = {isa = PBXFileReference; fileEncoding = 4; lastKnownFileType = sourcecode.c.objc; name = ASIFormDataRequest.m; path = "lib/asi-http-request/Classes/ASIFormDataRequest.m"; sourceTree = "<group>"; };
		210B6940134C675C00C210B9 /* ASIHTTPRequest.h */ = {isa = PBXFileReference; fileEncoding = 4; lastKnownFileType = sourcecode.c.h; name = ASIHTTPRequest.h; path = "lib/asi-http-request/Classes/ASIHTTPRequest.h"; sourceTree = "<group>"; };
		210B6941134C675C00C210B9 /* ASIHTTPRequest.m */ = {isa = PBXFileReference; fileEncoding = 4; lastKnownFileType = sourcecode.c.objc; name = ASIHTTPRequest.m; path = "lib/asi-http-request/Classes/ASIHTTPRequest.m"; sourceTree = "<group>"; };
		210B6942134C675C00C210B9 /* ASIHTTPRequestConfig.h */ = {isa = PBXFileReference; fileEncoding = 4; lastKnownFileType = sourcecode.c.h; name = ASIHTTPRequestConfig.h; path = "lib/asi-http-request/Classes/ASIHTTPRequestConfig.h"; sourceTree = "<group>"; };
		210B6943134C675C00C210B9 /* ASIHTTPRequestDelegate.h */ = {isa = PBXFileReference; fileEncoding = 4; lastKnownFileType = sourcecode.c.h; name = ASIHTTPRequestDelegate.h; path = "lib/asi-http-request/Classes/ASIHTTPRequestDelegate.h"; sourceTree = "<group>"; };
		210B6944134C675C00C210B9 /* ASIInputStream.h */ = {isa = PBXFileReference; fileEncoding = 4; lastKnownFileType = sourcecode.c.h; name = ASIInputStream.h; path = "lib/asi-http-request/Classes/ASIInputStream.h"; sourceTree = "<group>"; };
		210B6945134C675C00C210B9 /* ASIInputStream.m */ = {isa = PBXFileReference; fileEncoding = 4; lastKnownFileType = sourcecode.c.objc; name = ASIInputStream.m; path = "lib/asi-http-request/Classes/ASIInputStream.m"; sourceTree = "<group>"; };
		210B6946134C675C00C210B9 /* ASINetworkQueue.h */ = {isa = PBXFileReference; fileEncoding = 4; lastKnownFileType = sourcecode.c.h; name = ASINetworkQueue.h; path = "lib/asi-http-request/Classes/ASINetworkQueue.h"; sourceTree = "<group>"; };
		210B6947134C675C00C210B9 /* ASINetworkQueue.m */ = {isa = PBXFileReference; fileEncoding = 4; lastKnownFileType = sourcecode.c.objc; name = ASINetworkQueue.m; path = "lib/asi-http-request/Classes/ASINetworkQueue.m"; sourceTree = "<group>"; };
		210B6948134C675C00C210B9 /* ASIProgressDelegate.h */ = {isa = PBXFileReference; fileEncoding = 4; lastKnownFileType = sourcecode.c.h; name = ASIProgressDelegate.h; path = "lib/asi-http-request/Classes/ASIProgressDelegate.h"; sourceTree = "<group>"; };
		210B6950134C676500C210B9 /* Reachability.h */ = {isa = PBXFileReference; fileEncoding = 4; lastKnownFileType = sourcecode.c.h; name = Reachability.h; path = "lib/asi-http-request/External/Reachability/Reachability.h"; sourceTree = "<group>"; };
		210B6951134C676500C210B9 /* Reachability.m */ = {isa = PBXFileReference; fileEncoding = 4; lastKnownFileType = sourcecode.c.objc; name = Reachability.m; path = "lib/asi-http-request/External/Reachability/Reachability.m"; sourceTree = "<group>"; };
		210B6953134C67C400C210B9 /* CFNetwork.framework */ = {isa = PBXFileReference; lastKnownFileType = wrapper.framework; name = CFNetwork.framework; path = System/Library/Frameworks/CFNetwork.framework; sourceTree = SDKROOT; };
		210B6955134C67C400C210B9 /* MobileCoreServices.framework */ = {isa = PBXFileReference; lastKnownFileType = wrapper.framework; name = MobileCoreServices.framework; path = System/Library/Frameworks/MobileCoreServices.framework; sourceTree = SDKROOT; };
		210B6956134C67C400C210B9 /* SystemConfiguration.framework */ = {isa = PBXFileReference; lastKnownFileType = wrapper.framework; name = SystemConfiguration.framework; path = System/Library/Frameworks/SystemConfiguration.framework; sourceTree = SDKROOT; };
		210B695A134C680100C210B9 /* libz.1.2.3.dylib */ = {isa = PBXFileReference; lastKnownFileType = "compiled.mach-o.dylib"; name = libz.1.2.3.dylib; path = usr/lib/libz.1.2.3.dylib; sourceTree = SDKROOT; };
		210B695C134C685A00C210B9 /* libz.1.1.3.dylib */ = {isa = PBXFileReference; lastKnownFileType = "compiled.mach-o.dylib"; name = libz.1.1.3.dylib; path = usr/lib/libz.1.1.3.dylib; sourceTree = SDKROOT; };
		210B695E134C687E00C210B9 /* ASIAuthenticationDialog.h */ = {isa = PBXFileReference; fileEncoding = 4; lastKnownFileType = sourcecode.c.h; name = ASIAuthenticationDialog.h; path = "lib/asi-http-request/Classes/ASIAuthenticationDialog.h"; sourceTree = "<group>"; };
		210B695F134C687E00C210B9 /* ASIAuthenticationDialog.m */ = {isa = PBXFileReference; fileEncoding = 4; lastKnownFileType = sourcecode.c.objc; name = ASIAuthenticationDialog.m; path = "lib/asi-http-request/Classes/ASIAuthenticationDialog.m"; sourceTree = "<group>"; };
		210B6960134C687E00C210B9 /* ASICacheDelegate.h */ = {isa = PBXFileReference; fileEncoding = 4; lastKnownFileType = sourcecode.c.h; name = ASICacheDelegate.h; path = "lib/asi-http-request/Classes/ASICacheDelegate.h"; sourceTree = "<group>"; };
		213BCA92134D15E300F74194 /* BuildsController.h */ = {isa = PBXFileReference; fileEncoding = 4; lastKnownFileType = sourcecode.c.h; path = BuildsController.h; sourceTree = "<group>"; };
		213BCA93134D15E300F74194 /* BuildsController.m */ = {isa = PBXFileReference; fileEncoding = 4; lastKnownFileType = sourcecode.c.objc; path = BuildsController.m; sourceTree = "<group>"; };
		213BCA9D134D185100F74194 /* NSString+Utilities.h */ = {isa = PBXFileReference; fileEncoding = 4; lastKnownFileType = sourcecode.c.h; path = "NSString+Utilities.h"; sourceTree = "<group>"; };
		213BCA9E134D185100F74194 /* NSString+Utilities.m */ = {isa = PBXFileReference; fileEncoding = 4; lastKnownFileType = sourcecode.c.objc; path = "NSString+Utilities.m"; sourceTree = "<group>"; };
		213BCAA0134D188E00F74194 /* NSArray+Blocks.h */ = {isa = PBXFileReference; fileEncoding = 4; lastKnownFileType = sourcecode.c.h; path = "NSArray+Blocks.h"; sourceTree = "<group>"; };
		213BCAA1134D188E00F74194 /* NSArray+Blocks.m */ = {isa = PBXFileReference; fileEncoding = 4; lastKnownFileType = sourcecode.c.objc; path = "NSArray+Blocks.m"; sourceTree = "<group>"; };
		213BCAA3134D18BD00F74194 /* UIColor+Hex.h */ = {isa = PBXFileReference; fileEncoding = 4; lastKnownFileType = sourcecode.c.h; path = "UIColor+Hex.h"; sourceTree = "<group>"; };
		213BCAA4134D18BD00F74194 /* UIColor+Hex.m */ = {isa = PBXFileReference; fileEncoding = 4; lastKnownFileType = sourcecode.c.objc; path = "UIColor+Hex.m"; sourceTree = "<group>"; };
		213BCAA7134D19B800F74194 /* Build.h */ = {isa = PBXFileReference; fileEncoding = 4; lastKnownFileType = sourcecode.c.h; path = Build.h; sourceTree = "<group>"; };
		213BCAA8134D19B800F74194 /* Build.m */ = {isa = PBXFileReference; fileEncoding = 4; lastKnownFileType = sourcecode.c.objc; path = Build.m; sourceTree = "<group>"; };
		213BCAAA134D19ED00F74194 /* NSArray+Build.h */ = {isa = PBXFileReference; fileEncoding = 4; lastKnownFileType = sourcecode.c.h; path = "NSArray+Build.h"; sourceTree = "<group>"; };
		213BCAAB134D19ED00F74194 /* NSArray+Build.m */ = {isa = PBXFileReference; fileEncoding = 4; lastKnownFileType = sourcecode.c.objc; path = "NSArray+Build.m"; sourceTree = "<group>"; };
		213BCAB5134D4A6200F74194 /* BrokenBuildController.h */ = {isa = PBXFileReference; fileEncoding = 4; lastKnownFileType = sourcecode.c.h; path = BrokenBuildController.h; sourceTree = "<group>"; };
		213BCAB6134D4A6200F74194 /* BrokenBuildController.m */ = {isa = PBXFileReference; fileEncoding = 4; lastKnownFileType = sourcecode.c.objc; path = BrokenBuildController.m; sourceTree = "<group>"; };
		21D278B3134BF0BB0063DB03 /* Broken.app */ = {isa = PBXFileReference; explicitFileType = wrapper.application; includeInIndex = 0; path = Broken.app; sourceTree = BUILT_PRODUCTS_DIR; };
		21D278B7134BF0BB0063DB03 /* UIKit.framework */ = {isa = PBXFileReference; lastKnownFileType = wrapper.framework; name = UIKit.framework; path = System/Library/Frameworks/UIKit.framework; sourceTree = SDKROOT; };
		21D278B9134BF0BB0063DB03 /* Foundation.framework */ = {isa = PBXFileReference; lastKnownFileType = wrapper.framework; name = Foundation.framework; path = System/Library/Frameworks/Foundation.framework; sourceTree = SDKROOT; };
		21D278BB134BF0BB0063DB03 /* CoreGraphics.framework */ = {isa = PBXFileReference; lastKnownFileType = wrapper.framework; name = CoreGraphics.framework; path = System/Library/Frameworks/CoreGraphics.framework; sourceTree = SDKROOT; };
		21D278BF134BF0BB0063DB03 /* Broken-Info.plist */ = {isa = PBXFileReference; lastKnownFileType = text.plist.xml; path = "Broken-Info.plist"; sourceTree = "<group>"; };
		21D278C1134BF0BB0063DB03 /* en */ = {isa = PBXFileReference; lastKnownFileType = text.plist.strings; name = en; path = en.lproj/InfoPlist.strings; sourceTree = "<group>"; };
		21D278C3134BF0BB0063DB03 /* Broken-Prefix.pch */ = {isa = PBXFileReference; lastKnownFileType = sourcecode.c.h; path = "Broken-Prefix.pch"; sourceTree = "<group>"; };
		21D278C4134BF0BB0063DB03 /* main.m */ = {isa = PBXFileReference; lastKnownFileType = sourcecode.c.objc; path = main.m; sourceTree = "<group>"; };
		21D278C6134BF0BB0063DB03 /* BrokenAppDelegate.h */ = {isa = PBXFileReference; lastKnownFileType = sourcecode.c.h; path = BrokenAppDelegate.h; sourceTree = "<group>"; };
		21D278C7134BF0BB0063DB03 /* BrokenAppDelegate.m */ = {isa = PBXFileReference; lastKnownFileType = sourcecode.c.objc; path = BrokenAppDelegate.m; sourceTree = "<group>"; };
		21D278CC134BF0BB0063DB03 /* RootViewController.h */ = {isa = PBXFileReference; lastKnownFileType = sourcecode.c.h; path = RootViewController.h; sourceTree = "<group>"; };
		21D278CD134BF0BB0063DB03 /* RootViewController.m */ = {isa = PBXFileReference; lastKnownFileType = sourcecode.c.objc; path = RootViewController.m; sourceTree = "<group>"; };
		21D278D7134BF0BB0063DB03 /* BrokenTests.octest */ = {isa = PBXFileReference; explicitFileType = wrapper.cfbundle; includeInIndex = 0; path = BrokenTests.octest; sourceTree = BUILT_PRODUCTS_DIR; };
		21D278DF134BF0BB0063DB03 /* BrokenTests-Info.plist */ = {isa = PBXFileReference; lastKnownFileType = text.plist.xml; path = "BrokenTests-Info.plist"; sourceTree = "<group>"; };
		21D278E1134BF0BB0063DB03 /* en */ = {isa = PBXFileReference; lastKnownFileType = text.plist.strings; name = en; path = en.lproj/InfoPlist.strings; sourceTree = "<group>"; };
		21D278E3134BF0BB0063DB03 /* BrokenTests-Prefix.pch */ = {isa = PBXFileReference; lastKnownFileType = sourcecode.c.h; path = "BrokenTests-Prefix.pch"; sourceTree = "<group>"; };
		21D278E4134BF0BB0063DB03 /* BrokenTests.h */ = {isa = PBXFileReference; lastKnownFileType = sourcecode.c.h; path = BrokenTests.h; sourceTree = "<group>"; };
		21D278E6134BF0BB0063DB03 /* BrokenTests.m */ = {isa = PBXFileReference; lastKnownFileType = sourcecode.c.objc; path = BrokenTests.m; sourceTree = "<group>"; };
		21DAEF05134C4A890077FDE8 /* JenkinsInstanceController.h */ = {isa = PBXFileReference; fileEncoding = 4; lastKnownFileType = sourcecode.c.h; path = JenkinsInstanceController.h; sourceTree = "<group>"; };
		21DAEF06134C4A890077FDE8 /* JenkinsInstanceController.m */ = {isa = PBXFileReference; fileEncoding = 4; lastKnownFileType = sourcecode.c.objc; path = JenkinsInstanceController.m; sourceTree = "<group>"; };
/* End PBXFileReference section */

/* Begin PBXFrameworksBuildPhase section */
		21D278B0134BF0BB0063DB03 /* Frameworks */ = {
			isa = PBXFrameworksBuildPhase;
			buildActionMask = 2147483647;
			files = (
				210B695D134C685A00C210B9 /* libz.1.1.3.dylib in Frameworks */,
				210B695B134C680100C210B9 /* libz.1.2.3.dylib in Frameworks */,
				210B6957134C67C500C210B9 /* CFNetwork.framework in Frameworks */,
				21D278BC134BF0BB0063DB03 /* CoreGraphics.framework in Frameworks */,
				210B6958134C67C500C210B9 /* MobileCoreServices.framework in Frameworks */,
				210B6959134C67C500C210B9 /* SystemConfiguration.framework in Frameworks */,
				21D278B8134BF0BB0063DB03 /* UIKit.framework in Frameworks */,
				21D278BA134BF0BB0063DB03 /* Foundation.framework in Frameworks */,
			);
			runOnlyForDeploymentPostprocessing = 0;
		};
		21D278D3134BF0BB0063DB03 /* Frameworks */ = {
			isa = PBXFrameworksBuildPhase;
			buildActionMask = 2147483647;
			files = (
				21D278D8134BF0BB0063DB03 /* UIKit.framework in Frameworks */,
				21D278D9134BF0BB0063DB03 /* Foundation.framework in Frameworks */,
				21D278DA134BF0BB0063DB03 /* CoreGraphics.framework in Frameworks */,
			);
			runOnlyForDeploymentPostprocessing = 0;
		};
/* End PBXFrameworksBuildPhase section */

/* Begin PBXGroup section */
		210B68D9134C639D00C210B9 /* Third Party */ = {
			isa = PBXGroup;
			children = (
				210B68F7134C64D100C210B9 /* asi-http-request */,
				210B68DA134C63A600C210B9 /* json-framework */,
			);
			name = "Third Party";
			sourceTree = "<group>";
		};
		210B68DA134C63A600C210B9 /* json-framework */ = {
			isa = PBXGroup;
			children = (
				210B68DB134C63CB00C210B9 /* JSON.h */,
				210B68DC134C63CB00C210B9 /* NSObject+JSON.h */,
				210B68DD134C63CB00C210B9 /* NSObject+JSON.m */,
				210B68DE134C63CB00C210B9 /* SBJsonParser.h */,
				210B68DF134C63CB00C210B9 /* SBJsonParser.m */,
				210B68E0134C63CB00C210B9 /* SBJsonStreamParser.h */,
				210B68E1134C63CB00C210B9 /* SBJsonStreamParser.m */,
				210B68E2134C63CB00C210B9 /* SBJsonStreamParserAdapter.h */,
				210B68E3134C63CB00C210B9 /* SBJsonStreamParserAdapter.m */,
				210B68E4134C63CB00C210B9 /* SBJsonStreamParserState.h */,
				210B68E5134C63CB00C210B9 /* SBJsonStreamParserState.m */,
				210B68E6134C63CB00C210B9 /* SBJsonStreamWriter.h */,
				210B68E7134C63CB00C210B9 /* SBJsonStreamWriter.m */,
				210B68E8134C63CB00C210B9 /* SBJsonStreamWriterState.h */,
				210B68E9134C63CB00C210B9 /* SBJsonStreamWriterState.m */,
				210B68EA134C63CB00C210B9 /* SBJsonTokeniser.h */,
				210B68EB134C63CB00C210B9 /* SBJsonTokeniser.m */,
				210B68EC134C63CB00C210B9 /* SBJsonWriter.h */,
				210B68ED134C63CB00C210B9 /* SBJsonWriter.m */,
			);
			name = "json-framework";
			sourceTree = "<group>";
		};
		210B68F7134C64D100C210B9 /* asi-http-request */ = {
			isa = PBXGroup;
			children = (
				210B695E134C687E00C210B9 /* ASIAuthenticationDialog.h */,
				210B695F134C687E00C210B9 /* ASIAuthenticationDialog.m */,
				210B6960134C687E00C210B9 /* ASICacheDelegate.h */,
				210B6950134C676500C210B9 /* Reachability.h */,
				210B6951134C676500C210B9 /* Reachability.m */,
				210B6938134C675C00C210B9 /* ASIDataCompressor.h */,
				210B6939134C675C00C210B9 /* ASIDataCompressor.m */,
				210B693A134C675C00C210B9 /* ASIDataDecompressor.h */,
				210B693B134C675C00C210B9 /* ASIDataDecompressor.m */,
				210B693C134C675C00C210B9 /* ASIDownloadCache.h */,
				210B693D134C675C00C210B9 /* ASIDownloadCache.m */,
				210B693E134C675C00C210B9 /* ASIFormDataRequest.h */,
				210B693F134C675C00C210B9 /* ASIFormDataRequest.m */,
				210B6940134C675C00C210B9 /* ASIHTTPRequest.h */,
				210B6941134C675C00C210B9 /* ASIHTTPRequest.m */,
				210B6942134C675C00C210B9 /* ASIHTTPRequestConfig.h */,
				210B6943134C675C00C210B9 /* ASIHTTPRequestDelegate.h */,
				210B6944134C675C00C210B9 /* ASIInputStream.h */,
				210B6945134C675C00C210B9 /* ASIInputStream.m */,
				210B6946134C675C00C210B9 /* ASINetworkQueue.h */,
				210B6947134C675C00C210B9 /* ASINetworkQueue.m */,
				210B6948134C675C00C210B9 /* ASIProgressDelegate.h */,
			);
			name = "asi-http-request";
			sourceTree = "<group>";
		};
		213BCA9C134D182C00F74194 /* Common */ = {
			isa = PBXGroup;
			children = (
				213BCA9D134D185100F74194 /* NSString+Utilities.h */,
				213BCA9E134D185100F74194 /* NSString+Utilities.m */,
				213BCAA0134D188E00F74194 /* NSArray+Blocks.h */,
				213BCAA1134D188E00F74194 /* NSArray+Blocks.m */,
				213BCAA3134D18BD00F74194 /* UIColor+Hex.h */,
				213BCAA4134D18BD00F74194 /* UIColor+Hex.m */,
			);
			name = Common;
			sourceTree = "<group>";
		};
		213BCAA6134D19A700F74194 /* Model */ = {
			isa = PBXGroup;
			children = (
				213BCAA7134D19B800F74194 /* Build.h */,
				213BCAA8134D19B800F74194 /* Build.m */,
				213BCAAA134D19ED00F74194 /* NSArray+Build.h */,
				213BCAAB134D19ED00F74194 /* NSArray+Build.m */,
			);
			name = Model;
			sourceTree = "<group>";
		};
		213BCAB8134D5A3B00F74194 /* Resources */ = {
			isa = PBXGroup;
			children = (
			);
			name = Resources;
			sourceTree = "<group>";
		};
		21D278A8134BF0BB0063DB03 = {
			isa = PBXGroup;
			children = (
				213BCAB8134D5A3B00F74194 /* Resources */,
				213BCAA6134D19A700F74194 /* Model */,
				213BCA9C134D182C00F74194 /* Common */,
				210B68D9134C639D00C210B9 /* Third Party */,
				21D278F6134BFBF50063DB03 /* Controllers */,
				21D278BD134BF0BB0063DB03 /* Broken */,
				21D278DD134BF0BB0063DB03 /* BrokenTests */,
				21D278B6134BF0BB0063DB03 /* Frameworks */,
				21D278B4134BF0BB0063DB03 /* Products */,
			);
			sourceTree = "<group>";
		};
		21D278B4134BF0BB0063DB03 /* Products */ = {
			isa = PBXGroup;
			children = (
				21D278B3134BF0BB0063DB03 /* Broken.app */,
				21D278D7134BF0BB0063DB03 /* BrokenTests.octest */,
			);
			name = Products;
			sourceTree = "<group>";
		};
		21D278B6134BF0BB0063DB03 /* Frameworks */ = {
			isa = PBXGroup;
			children = (
				210B695C134C685A00C210B9 /* libz.1.1.3.dylib */,
				210B695A134C680100C210B9 /* libz.1.2.3.dylib */,
				210B6953134C67C400C210B9 /* CFNetwork.framework */,
				210B6955134C67C400C210B9 /* MobileCoreServices.framework */,
				210B6956134C67C400C210B9 /* SystemConfiguration.framework */,
				21D278B7134BF0BB0063DB03 /* UIKit.framework */,
				21D278B9134BF0BB0063DB03 /* Foundation.framework */,
				21D278BB134BF0BB0063DB03 /* CoreGraphics.framework */,
			);
			name = Frameworks;
			sourceTree = "<group>";
		};
		21D278BD134BF0BB0063DB03 /* Broken */ = {
			isa = PBXGroup;
			children = (
				21D278C6134BF0BB0063DB03 /* BrokenAppDelegate.h */,
				21D278C7134BF0BB0063DB03 /* BrokenAppDelegate.m */,
				21D278CC134BF0BB0063DB03 /* RootViewController.h */,
				21D278CD134BF0BB0063DB03 /* RootViewController.m */,
				21D278BE134BF0BB0063DB03 /* Supporting Files */,
			);
			path = Broken;
			sourceTree = "<group>";
		};
		21D278BE134BF0BB0063DB03 /* Supporting Files */ = {
			isa = PBXGroup;
			children = (
				21D278BF134BF0BB0063DB03 /* Broken-Info.plist */,
				21D278C0134BF0BB0063DB03 /* InfoPlist.strings */,
				21D278C3134BF0BB0063DB03 /* Broken-Prefix.pch */,
				21D278C4134BF0BB0063DB03 /* main.m */,
			);
			name = "Supporting Files";
			sourceTree = "<group>";
		};
		21D278DD134BF0BB0063DB03 /* BrokenTests */ = {
			isa = PBXGroup;
			children = (
				21D278E4134BF0BB0063DB03 /* BrokenTests.h */,
				21D278E6134BF0BB0063DB03 /* BrokenTests.m */,
				21D278DE134BF0BB0063DB03 /* Supporting Files */,
			);
			path = BrokenTests;
			sourceTree = "<group>";
		};
		21D278DE134BF0BB0063DB03 /* Supporting Files */ = {
			isa = PBXGroup;
			children = (
				21D278DF134BF0BB0063DB03 /* BrokenTests-Info.plist */,
				21D278E0134BF0BB0063DB03 /* InfoPlist.strings */,
				21D278E3134BF0BB0063DB03 /* BrokenTests-Prefix.pch */,
			);
			name = "Supporting Files";
			sourceTree = "<group>";
		};
		21D278F6134BFBF50063DB03 /* Controllers */ = {
			isa = PBXGroup;
			children = (
				21DAEF05134C4A890077FDE8 /* JenkinsInstanceController.h */,
				21DAEF06134C4A890077FDE8 /* JenkinsInstanceController.m */,
				213BCA92134D15E300F74194 /* BuildsController.h */,
				213BCA93134D15E300F74194 /* BuildsController.m */,
				213BCAB5134D4A6200F74194 /* BrokenBuildController.h */,
				213BCAB6134D4A6200F74194 /* BrokenBuildController.m */,
			);
			name = Controllers;
			sourceTree = "<group>";
		};
/* End PBXGroup section */

/* Begin PBXNativeTarget section */
		21D278B2134BF0BB0063DB03 /* Broken */ = {
			isa = PBXNativeTarget;
			buildConfigurationList = 21D278EA134BF0BB0063DB03 /* Build configuration list for PBXNativeTarget "Broken" */;
			buildPhases = (
				21D278AF134BF0BB0063DB03 /* Sources */,
				21D278B0134BF0BB0063DB03 /* Frameworks */,
				21D278B1134BF0BB0063DB03 /* Resources */,
			);
			buildRules = (
			);
			dependencies = (
			);
			name = Broken;
			productName = Broken;
			productReference = 21D278B3134BF0BB0063DB03 /* Broken.app */;
			productType = "com.apple.product-type.application";
		};
		21D278D6134BF0BB0063DB03 /* BrokenTests */ = {
			isa = PBXNativeTarget;
			buildConfigurationList = 21D278ED134BF0BB0063DB03 /* Build configuration list for PBXNativeTarget "BrokenTests" */;
			buildPhases = (
				21D278D2134BF0BB0063DB03 /* Sources */,
				21D278D3134BF0BB0063DB03 /* Frameworks */,
				21D278D4134BF0BB0063DB03 /* Resources */,
				21D278D5134BF0BB0063DB03 /* ShellScript */,
			);
			buildRules = (
			);
			dependencies = (
				21D278DC134BF0BB0063DB03 /* PBXTargetDependency */,
			);
			name = BrokenTests;
			productName = BrokenTests;
			productReference = 21D278D7134BF0BB0063DB03 /* BrokenTests.octest */;
			productType = "com.apple.product-type.bundle";
		};
/* End PBXNativeTarget section */

/* Begin PBXProject section */
		21D278AA134BF0BB0063DB03 /* Project object */ = {
			isa = PBXProject;
			attributes = {
				ORGANIZATIONNAME = "REA Group";
			};
			buildConfigurationList = 21D278AD134BF0BB0063DB03 /* Build configuration list for PBXProject "Broken" */;
			compatibilityVersion = "Xcode 3.2";
			developmentRegion = English;
			hasScannedForEncodings = 0;
			knownRegions = (
				en,
			);
			mainGroup = 21D278A8134BF0BB0063DB03;
			productRefGroup = 21D278B4134BF0BB0063DB03 /* Products */;
			projectDirPath = "";
			projectRoot = "";
			targets = (
				21D278B2134BF0BB0063DB03 /* Broken */,
				21D278D6134BF0BB0063DB03 /* BrokenTests */,
			);
		};
/* End PBXProject section */

/* Begin PBXResourcesBuildPhase section */
		21D278B1134BF0BB0063DB03 /* Resources */ = {
			isa = PBXResourcesBuildPhase;
			buildActionMask = 2147483647;
			files = (
				21D278C2134BF0BB0063DB03 /* InfoPlist.strings in Resources */,
			);
			runOnlyForDeploymentPostprocessing = 0;
		};
		21D278D4134BF0BB0063DB03 /* Resources */ = {
			isa = PBXResourcesBuildPhase;
			buildActionMask = 2147483647;
			files = (
				21D278E2134BF0BB0063DB03 /* InfoPlist.strings in Resources */,
				21D278E5134BF0BB0063DB03 /* BrokenTests.h in Resources */,
			);
			runOnlyForDeploymentPostprocessing = 0;
		};
/* End PBXResourcesBuildPhase section */

/* Begin PBXShellScriptBuildPhase section */
		21D278D5134BF0BB0063DB03 /* ShellScript */ = {
			isa = PBXShellScriptBuildPhase;
			buildActionMask = 2147483647;
			files = (
			);
			inputPaths = (
			);
			outputPaths = (
			);
			runOnlyForDeploymentPostprocessing = 0;
			shellPath = /bin/sh;
			shellScript = "# Run the unit tests in this test bundle.\n\"${SYSTEM_DEVELOPER_DIR}/Tools/RunUnitTests\"\n";
		};
/* End PBXShellScriptBuildPhase section */

/* Begin PBXSourcesBuildPhase section */
		21D278AF134BF0BB0063DB03 /* Sources */ = {
			isa = PBXSourcesBuildPhase;
			buildActionMask = 2147483647;
			files = (
				21D278C5134BF0BB0063DB03 /* main.m in Sources */,
				21D278C8134BF0BB0063DB03 /* BrokenAppDelegate.m in Sources */,
				21D278CE134BF0BB0063DB03 /* RootViewController.m in Sources */,
				21DAEF07134C4A890077FDE8 /* JenkinsInstanceController.m in Sources */,
				210B68EE134C63CB00C210B9 /* NSObject+JSON.m in Sources */,
				210B68EF134C63CB00C210B9 /* SBJsonParser.m in Sources */,
				210B68F0134C63CB00C210B9 /* SBJsonStreamParser.m in Sources */,
				210B68F1134C63CB00C210B9 /* SBJsonStreamParserAdapter.m in Sources */,
				210B68F2134C63CB00C210B9 /* SBJsonStreamParserState.m in Sources */,
				210B68F3134C63CB00C210B9 /* SBJsonStreamWriter.m in Sources */,
				210B68F4134C63CB00C210B9 /* SBJsonStreamWriterState.m in Sources */,
				210B68F5134C63CB00C210B9 /* SBJsonTokeniser.m in Sources */,
				210B68F6134C63CB00C210B9 /* SBJsonWriter.m in Sources */,
				210B6949134C675C00C210B9 /* ASIDataCompressor.m in Sources */,
				210B694A134C675C00C210B9 /* ASIDataDecompressor.m in Sources */,
				210B694B134C675C00C210B9 /* ASIDownloadCache.m in Sources */,
				210B694C134C675C00C210B9 /* ASIFormDataRequest.m in Sources */,
				210B694D134C675C00C210B9 /* ASIHTTPRequest.m in Sources */,
				210B694E134C675C00C210B9 /* ASIInputStream.m in Sources */,
				210B694F134C675C00C210B9 /* ASINetworkQueue.m in Sources */,
				210B6952134C676500C210B9 /* Reachability.m in Sources */,
				210B6961134C687E00C210B9 /* ASIAuthenticationDialog.m in Sources */,
				213BCA94134D15E300F74194 /* BuildsController.m in Sources */,
				213BCA9F134D185100F74194 /* NSString+Utilities.m in Sources */,
				213BCAA2134D188E00F74194 /* NSArray+Blocks.m in Sources */,
				213BCAA5134D18BD00F74194 /* UIColor+Hex.m in Sources */,
				213BCAA9134D19B800F74194 /* Build.m in Sources */,
				213BCAAC134D19ED00F74194 /* NSArray+Build.m in Sources */,
				213BCAB7134D4A6300F74194 /* BrokenBuildController.m in Sources */,
			);
			runOnlyForDeploymentPostprocessing = 0;
		};
		21D278D2134BF0BB0063DB03 /* Sources */ = {
			isa = PBXSourcesBuildPhase;
			buildActionMask = 2147483647;
			files = (
				21D278E7134BF0BB0063DB03 /* BrokenTests.m in Sources */,
			);
			runOnlyForDeploymentPostprocessing = 0;
		};
/* End PBXSourcesBuildPhase section */

/* Begin PBXTargetDependency section */
		21D278DC134BF0BB0063DB03 /* PBXTargetDependency */ = {
			isa = PBXTargetDependency;
			target = 21D278B2134BF0BB0063DB03 /* Broken */;
			targetProxy = 21D278DB134BF0BB0063DB03 /* PBXContainerItemProxy */;
		};
/* End PBXTargetDependency section */

/* Begin PBXVariantGroup section */
		21D278C0134BF0BB0063DB03 /* InfoPlist.strings */ = {
			isa = PBXVariantGroup;
			children = (
				21D278C1134BF0BB0063DB03 /* en */,
			);
			name = InfoPlist.strings;
			sourceTree = "<group>";
		};
		21D278E0134BF0BB0063DB03 /* InfoPlist.strings */ = {
			isa = PBXVariantGroup;
			children = (
				21D278E1134BF0BB0063DB03 /* en */,
			);
			name = InfoPlist.strings;
			sourceTree = "<group>";
		};
/* End PBXVariantGroup section */

/* Begin XCBuildConfiguration section */
		21D278E8134BF0BB0063DB03 /* Debug */ = {
			isa = XCBuildConfiguration;
			buildSettings = {
				ARCHS = "$(ARCHS_STANDARD_32_BIT)";
				"CODE_SIGN_IDENTITY[sdk=iphoneos*]" = "iPhone Developer";
				GCC_C_LANGUAGE_STANDARD = gnu99;
				GCC_OPTIMIZATION_LEVEL = 0;
				GCC_PREPROCESSOR_DEFINITIONS = DEBUG;
				GCC_SYMBOLS_PRIVATE_EXTERN = NO;
				GCC_VERSION = com.apple.compilers.llvmgcc42;
				GCC_WARN_ABOUT_RETURN_TYPE = YES;
				GCC_WARN_UNUSED_VARIABLE = YES;
				IPHONEOS_DEPLOYMENT_TARGET = 4.3;
				SDKROOT = iphoneos;
			};
			name = Debug;
		};
		21D278E9134BF0BB0063DB03 /* Release */ = {
			isa = XCBuildConfiguration;
			buildSettings = {
				ARCHS = "$(ARCHS_STANDARD_32_BIT)";
				"CODE_SIGN_IDENTITY[sdk=iphoneos*]" = "iPhone Developer";
				GCC_C_LANGUAGE_STANDARD = gnu99;
				GCC_VERSION = com.apple.compilers.llvmgcc42;
				GCC_WARN_ABOUT_RETURN_TYPE = YES;
				GCC_WARN_UNUSED_VARIABLE = YES;
				IPHONEOS_DEPLOYMENT_TARGET = 4.3;
				OTHER_CFLAGS = "-DNS_BLOCK_ASSERTIONS=1";
				SDKROOT = iphoneos;
			};
			name = Release;
		};
		21D278EB134BF0BB0063DB03 /* Debug */ = {
			isa = XCBuildConfiguration;
			buildSettings = {
				ALWAYS_SEARCH_USER_PATHS = YES;
				COPY_PHASE_STRIP = NO;
				FRAMEWORK_SEARCH_PATHS = (
					"$(inherited)",
					"\"$(SRCROOT)/../../Library/Developer/Xcode/DerivedData/Broken-fpkjmlhejarptoeefcroxiyhoitm/Build/Products/Debug\"",
				);
				GCC_DYNAMIC_NO_PIC = NO;
				GCC_PRECOMPILE_PREFIX_HEADER = YES;
				GCC_PREFIX_HEADER = "Broken/Broken-Prefix.pch";
				"HEADER_SEARCH_PATHS[arch=*]" = "";
				INFOPLIST_FILE = "Broken/Broken-Info.plist";
				PRODUCT_NAME = "$(TARGET_NAME)";
				"USER_HEADER_SEARCH_PATHS[arch=*]" = "";
				WRAPPER_EXTENSION = app;
			};
			name = Debug;
		};
		21D278EC134BF0BB0063DB03 /* Release */ = {
			isa = XCBuildConfiguration;
			buildSettings = {
				ALWAYS_SEARCH_USER_PATHS = YES;
				COPY_PHASE_STRIP = YES;
				FRAMEWORK_SEARCH_PATHS = (
					"$(inherited)",
					"\"$(SRCROOT)/../../Library/Developer/Xcode/DerivedData/Broken-fpkjmlhejarptoeefcroxiyhoitm/Build/Products/Debug\"",
				);
				GCC_PRECOMPILE_PREFIX_HEADER = YES;
				GCC_PREFIX_HEADER = "Broken/Broken-Prefix.pch";
				"HEADER_SEARCH_PATHS[arch=*]" = "";
				INFOPLIST_FILE = "Broken/Broken-Info.plist";
				PRODUCT_NAME = "$(TARGET_NAME)";
				"USER_HEADER_SEARCH_PATHS[arch=*]" = "";
				VALIDATE_PRODUCT = YES;
				WRAPPER_EXTENSION = app;
			};
			name = Release;
		};
		21D278EE134BF0BB0063DB03 /* Debug */ = {
			isa = XCBuildConfiguration;
			buildSettings = {
				ALWAYS_SEARCH_USER_PATHS = NO;
				BUNDLE_LOADER = "$(BUILT_PRODUCTS_DIR)/Broken.app/Broken";
				FRAMEWORK_SEARCH_PATHS = (
					"$(SDKROOT)/Developer/Library/Frameworks",
					"$(DEVELOPER_LIBRARY_DIR)/Frameworks",
				);
				GCC_PRECOMPILE_PREFIX_HEADER = YES;
				GCC_PREFIX_HEADER = "BrokenTests/BrokenTests-Prefix.pch";
				INFOPLIST_FILE = "BrokenTests/BrokenTests-Info.plist";
				OTHER_LDFLAGS = (
					"-framework",
					SenTestingKit,
				);
				PRODUCT_NAME = "$(TARGET_NAME)";
				TEST_HOST = "$(BUNDLE_LOADER)";
				WRAPPER_EXTENSION = octest;
			};
			name = Debug;
		};
		21D278EF134BF0BB0063DB03 /* Release */ = {
			isa = XCBuildConfiguration;
			buildSettings = {
				ALWAYS_SEARCH_USER_PATHS = NO;
				BUNDLE_LOADER = "$(BUILT_PRODUCTS_DIR)/Broken.app/Broken";
				FRAMEWORK_SEARCH_PATHS = (
					"$(SDKROOT)/Developer/Library/Frameworks",
					"$(DEVELOPER_LIBRARY_DIR)/Frameworks",
				);
				GCC_PRECOMPILE_PREFIX_HEADER = YES;
				GCC_PREFIX_HEADER = "BrokenTests/BrokenTests-Prefix.pch";
				INFOPLIST_FILE = "BrokenTests/BrokenTests-Info.plist";
				OTHER_LDFLAGS = (
					"-framework",
					SenTestingKit,
				);
				PRODUCT_NAME = "$(TARGET_NAME)";
				TEST_HOST = "$(BUNDLE_LOADER)";
				WRAPPER_EXTENSION = octest;
			};
			name = Release;
		};
/* End XCBuildConfiguration section */

/* Begin XCConfigurationList section */
		21D278AD134BF0BB0063DB03 /* Build configuration list for PBXProject "Broken" */ = {
			isa = XCConfigurationList;
			buildConfigurations = (
				21D278E8134BF0BB0063DB03 /* Debug */,
				21D278E9134BF0BB0063DB03 /* Release */,
			);
			defaultConfigurationIsVisible = 0;
			defaultConfigurationName = Release;
		};
		21D278EA134BF0BB0063DB03 /* Build configuration list for PBXNativeTarget "Broken" */ = {
			isa = XCConfigurationList;
			buildConfigurations = (
				21D278EB134BF0BB0063DB03 /* Debug */,
				21D278EC134BF0BB0063DB03 /* Release */,
			);
			defaultConfigurationIsVisible = 0;
			defaultConfigurationName = Release;
		};
		21D278ED134BF0BB0063DB03 /* Build configuration list for PBXNativeTarget "BrokenTests" */ = {
			isa = XCConfigurationList;
			buildConfigurations = (
				21D278EE134BF0BB0063DB03 /* Debug */,
				21D278EF134BF0BB0063DB03 /* Release */,
			);
			defaultConfigurationIsVisible = 0;
			defaultConfigurationName = Release;
		};
/* End XCConfigurationList section */
	};
	rootObject = 21D278AA134BF0BB0063DB03 /* Project object */;
}
